
Microsoft Visual Studio Solution File, Format Version 12.00
# Visual Studio 15
VisualStudioVersion = 15.0.28307.168
MinimumVisualStudioVersion = 10.0.40219.1
Project("{8BC9CEB8-8B4A-11D0-8D11-00A0C91BC942}") = "raytracing in a weekend", "raytracing in a weekend\raytracing in a weekend.vcxproj", "{53FA6672-0C65-4CF3-9FDF-58A59267025D}"
EndProject
Global
	GlobalSection(SolutionConfigurationPlatforms) = preSolution
		Debug|x64 = Debug|x64
		Debug|x86 = Debug|x86
		Release|x64 = Release|x64
		Release|x86 = Release|x86
	EndGlobalSection
	GlobalSection(ProjectConfigurationPlatforms) = postSolution
		{53FA6672-0C65-4CF3-9FDF-58A59267025D}.Debug|x64.ActiveCfg = Debug|x64
		{53FA6672-0C65-4CF3-9FDF-58A59267025D}.Debug|x64.Build.0 = Debug|x64
		{53FA6672-0C65-4CF3-9FDF-58A59267025D}.Debug|x86.ActiveCfg = Debug|Win32
		{53FA6672-0C65-4CF3-9FDF-58A59267025D}.Debug|x86.Build.0 = Debug|Win32
		{53FA6672-0C65-4CF3-9FDF-58A59267025D}.Release|x64.ActiveCfg = Release|x64
		{53FA6672-0C65-4CF3-9FDF-58A59267025D}.Release|x64.Build.0 = Release|x64
		{53FA6672-0C65-4CF3-9FDF-58A59267025D}.Release|x86.ActiveCfg = Release|x64
		{53FA6672-0C65-4CF3-9FDF-58A59267025D}.Release|x86.Build.0 = Release|x64
	EndGlobalSection
	GlobalSection(SolutionProperties) = preSolution
		HideSolutionNode = FALSE
	EndGlobalSection
	GlobalSection(ExtensibilityGlobals) = postSolution
		SolutionGuid = {6372F20F-F48B-43AB-9903-D912A321B45E}
	EndGlobalSection
EndGlobal
